// !$*UTF8*$!
{
	archiveVersion = 1;
	classes = {
	};
	objectVersion = 45;
	objects = {

/* Begin PBXBuildFile section */
		1D3623260D0F684500981E51 /* blankCoreDataAppDelegate.m in Sources */ = {isa = PBXBuildFile; fileRef = 1D3623250D0F684500981E51 /* blankCoreDataAppDelegate.m */; };
		1D60589B0D05DD56006BFB54 /* main.m in Sources */ = {isa = PBXBuildFile; fileRef = 29B97316FDCFA39411CA2CEA /* main.m */; };
		1D60589F0D05DD5A006BFB54 /* Foundation.framework in Frameworks */ = {isa = PBXBuildFile; fileRef = 1D30AB110D05D00D00671497 /* Foundation.framework */; };
		1DF5F4E00D08C38300B7A737 /* UIKit.framework in Frameworks */ = {isa = PBXBuildFile; fileRef = 1DF5F4DF0D08C38300B7A737 /* UIKit.framework */; };
		28860B770F44E54D00985440 /* blankCoreData.xcdatamodel in Sources */ = {isa = PBXBuildFile; fileRef = 28860B760F44E54D00985440 /* blankCoreData.xcdatamodel */; };
		28860BE50F44EE6400985440 /* CoreData.framework in Frameworks */ = {isa = PBXBuildFile; fileRef = 28860BE40F44EE6400985440 /* CoreData.framework */; };
		2892E4100DC94CBA00A64D0F /* CoreGraphics.framework in Frameworks */ = {isa = PBXBuildFile; fileRef = 2892E40F0DC94CBA00A64D0F /* CoreGraphics.framework */; };
		2899E5600DE3E45000AC0155 /* RootViewController.xib in Resources */ = {isa = PBXBuildFile; fileRef = 2899E55F0DE3E45000AC0155 /* RootViewController.xib */; };
		28AD73600D9D9599002E5188 /* MainWindow.xib in Resources */ = {isa = PBXBuildFile; fileRef = 28AD735F0D9D9599002E5188 /* MainWindow.xib */; };
		28C286E10D94DF7D0034E888 /* RootViewController.m in Sources */ = {isa = PBXBuildFile; fileRef = 28C286E00D94DF7D0034E888 /* RootViewController.m */; };
		373926A110BA43E8007BC065 /* IPDCUser.m in Sources */ = {isa = PBXBuildFile; fileRef = 373926A010BA43E8007BC065 /* IPDCUser.m */; };
		373B41E510D4AC1B00FB764B /* Icon.png in Resources */ = {isa = PBXBuildFile; fileRef = 373B41E410D4AC1B00FB764B /* Icon.png */; };
		3742242D10D48D23002AD724 /* FlakTableCell.xib in Resources */ = {isa = PBXBuildFile; fileRef = 3742242C10D48D23002AD724 /* FlakTableCell.xib */; };
		3755AF7B10B6544700D37666 /* CDataScanner.m in Sources */ = {isa = PBXBuildFile; fileRef = 3755AF6A10B6544700D37666 /* CDataScanner.m */; };
		3755AF7C10B6544700D37666 /* CDataScanner_Extensions.m in Sources */ = {isa = PBXBuildFile; fileRef = 3755AF6D10B6544700D37666 /* CDataScanner_Extensions.m */; };
		3755AF7D10B6544700D37666 /* NSCharacterSet_Extensions.m in Sources */ = {isa = PBXBuildFile; fileRef = 3755AF6F10B6544700D37666 /* NSCharacterSet_Extensions.m */; };
		3755AF7E10B6544700D37666 /* NSDictionary_JSONExtensions.m in Sources */ = {isa = PBXBuildFile; fileRef = 3755AF7110B6544700D37666 /* NSDictionary_JSONExtensions.m */; };
		3755AF7F10B6544700D37666 /* NSScanner_Extensions.m in Sources */ = {isa = PBXBuildFile; fileRef = 3755AF7310B6544700D37666 /* NSScanner_Extensions.m */; };
		3755AF8010B6544700D37666 /* CJSONDeserializer.m in Sources */ = {isa = PBXBuildFile; fileRef = 3755AF7610B6544700D37666 /* CJSONDeserializer.m */; };
		3755AF8110B6544700D37666 /* CJSONScanner.m in Sources */ = {isa = PBXBuildFile; fileRef = 3755AF7810B6544700D37666 /* CJSONScanner.m */; };
		3755AF8210B6544700D37666 /* CJSONSerializer.m in Sources */ = {isa = PBXBuildFile; fileRef = 3755AF7A10B6544700D37666 /* CJSONSerializer.m */; };
		3755AF9810B6566200D37666 /* NSString+SBJSON.m in Sources */ = {isa = PBXBuildFile; fileRef = 3755AF8B10B6566200D37666 /* NSString+SBJSON.m */; };
		3755AF9910B6566200D37666 /* NSObject+SBJSON.m in Sources */ = {isa = PBXBuildFile; fileRef = 3755AF8C10B6566200D37666 /* NSObject+SBJSON.m */; };
		3755AF9A10B6566200D37666 /* SBJsonWriter.m in Sources */ = {isa = PBXBuildFile; fileRef = 3755AF8D10B6566200D37666 /* SBJsonWriter.m */; };
		3755AF9B10B6566200D37666 /* SBJsonParser.m in Sources */ = {isa = PBXBuildFile; fileRef = 3755AF8F10B6566200D37666 /* SBJsonParser.m */; };
		3755AF9C10B6566200D37666 /* SBJsonBase.m in Sources */ = {isa = PBXBuildFile; fileRef = 3755AF9110B6566200D37666 /* SBJsonBase.m */; };
		3755AF9D10B6566200D37666 /* SBJSON.m in Sources */ = {isa = PBXBuildFile; fileRef = 3755AF9310B6566200D37666 /* SBJSON.m */; };
		3755AFA810B6571300D37666 /* IPDCMessage.m in Sources */ = {isa = PBXBuildFile; fileRef = 3755AFA710B6571300D37666 /* IPDCMessage.m */; };
		375C033D10B63D5300ED96DE /* FirstViewController.m in Sources */ = {isa = PBXBuildFile; fileRef = 375C033C10B63D5300ED96DE /* FirstViewController.m */; };
		37E5CD3F10C37771005D278F /* FlakManager.m in Sources */ = {isa = PBXBuildFile; fileRef = 37E5CD3E10C37771005D278F /* FlakManager.m */; };
		37E5CE1110C387E9005D278F /* Event.m in Sources */ = {isa = PBXBuildFile; fileRef = 37E5CE0C10C387E9005D278F /* Event.m */; };
		37E5CE1210C387E9005D278F /* User.m in Sources */ = {isa = PBXBuildFile; fileRef = 37E5CE0E10C387E9005D278F /* User.m */; };
		37E5CE1310C387E9005D278F /* Message.m in Sources */ = {isa = PBXBuildFile; fileRef = 37E5CE1010C387E9005D278F /* Message.m */; };
		37E5CE8A10C3990A005D278F /* MessageViewController.m in Sources */ = {isa = PBXBuildFile; fileRef = 37E5CE8810C3990A005D278F /* MessageViewController.m */; };
		37E5CE8B10C3990A005D278F /* MessageViewController.xib in Resources */ = {isa = PBXBuildFile; fileRef = 37E5CE8910C3990A005D278F /* MessageViewController.xib */; };
		DC08AAAB10CC56D60023EE9C /* UserPreferences.m in Sources */ = {isa = PBXBuildFile; fileRef = DC08AAAA10CC56D60023EE9C /* UserPreferences.m */; };
		DC08AAB310CC5A3E0023EE9C /* 19-gear.png in Resources */ = {isa = PBXBuildFile; fileRef = DC08AAB210CC5A3E0023EE9C /* 19-gear.png */; };
		DC08AAB610CC5AAB0023EE9C /* 09-chat2.png in Resources */ = {isa = PBXBuildFile; fileRef = DC08AAB510CC5AAB0023EE9C /* 09-chat2.png */; };
		DC08AAB910CC5B2F0023EE9C /* 101-gameplan.png in Resources */ = {isa = PBXBuildFile; fileRef = DC08AAB810CC5B2F0023EE9C /* 101-gameplan.png */; };
		DC08AAC910CC5E1B0023EE9C /* UserPreferencesViewController.m in Sources */ = {isa = PBXBuildFile; fileRef = DC08AAC810CC5E1B0023EE9C /* UserPreferencesViewController.m */; };
		DCF17CD810CC8C0100FDA3B1 /* FlakSettings.plist in Resources */ = {isa = PBXBuildFile; fileRef = DCF17CD710CC8C0100FDA3B1 /* FlakSettings.plist */; };
/* End PBXBuildFile section */

/* Begin PBXFileReference section */
		1D30AB110D05D00D00671497 /* Foundation.framework */ = {isa = PBXFileReference; lastKnownFileType = wrapper.framework; name = Foundation.framework; path = System/Library/Frameworks/Foundation.framework; sourceTree = SDKROOT; };
		1D3623240D0F684500981E51 /* blankCoreDataAppDelegate.h */ = {isa = PBXFileReference; fileEncoding = 4; lastKnownFileType = sourcecode.c.h; path = blankCoreDataAppDelegate.h; sourceTree = "<group>"; };
		1D3623250D0F684500981E51 /* blankCoreDataAppDelegate.m */ = {isa = PBXFileReference; fileEncoding = 4; lastKnownFileType = sourcecode.c.objc; path = blankCoreDataAppDelegate.m; sourceTree = "<group>"; };
		1D6058910D05DD3D006BFB54 /* blankCoreData.app */ = {isa = PBXFileReference; explicitFileType = wrapper.application; includeInIndex = 0; path = blankCoreData.app; sourceTree = BUILT_PRODUCTS_DIR; };
		1DF5F4DF0D08C38300B7A737 /* UIKit.framework */ = {isa = PBXFileReference; lastKnownFileType = wrapper.framework; name = UIKit.framework; path = System/Library/Frameworks/UIKit.framework; sourceTree = SDKROOT; };
		28860B760F44E54D00985440 /* blankCoreData.xcdatamodel */ = {isa = PBXFileReference; fileEncoding = 4; lastKnownFileType = wrapper.xcdatamodel; path = blankCoreData.xcdatamodel; sourceTree = "<group>"; };
		28860BE40F44EE6400985440 /* CoreData.framework */ = {isa = PBXFileReference; lastKnownFileType = wrapper.framework; name = CoreData.framework; path = System/Library/Frameworks/CoreData.framework; sourceTree = SDKROOT; };
		2892E40F0DC94CBA00A64D0F /* CoreGraphics.framework */ = {isa = PBXFileReference; lastKnownFileType = wrapper.framework; name = CoreGraphics.framework; path = System/Library/Frameworks/CoreGraphics.framework; sourceTree = SDKROOT; };
		2899E55F0DE3E45000AC0155 /* RootViewController.xib */ = {isa = PBXFileReference; lastKnownFileType = file.xib; path = RootViewController.xib; sourceTree = "<group>"; };
		28A0AAE50D9B0CCF005BE974 /* blankCoreData_Prefix.pch */ = {isa = PBXFileReference; fileEncoding = 4; lastKnownFileType = sourcecode.c.h; path = blankCoreData_Prefix.pch; sourceTree = "<group>"; };
		28AD735F0D9D9599002E5188 /* MainWindow.xib */ = {isa = PBXFileReference; lastKnownFileType = file.xib; path = MainWindow.xib; sourceTree = "<group>"; };
		28C286DF0D94DF7D0034E888 /* RootViewController.h */ = {isa = PBXFileReference; fileEncoding = 4; lastKnownFileType = sourcecode.c.h; path = RootViewController.h; sourceTree = "<group>"; };
		28C286E00D94DF7D0034E888 /* RootViewController.m */ = {isa = PBXFileReference; fileEncoding = 4; lastKnownFileType = sourcecode.c.objc; path = RootViewController.m; sourceTree = "<group>"; };
		29B97316FDCFA39411CA2CEA /* main.m */ = {isa = PBXFileReference; fileEncoding = 4; lastKnownFileType = sourcecode.c.objc; path = main.m; sourceTree = "<group>"; };
		3739269F10BA43E8007BC065 /* IPDCUser.h */ = {isa = PBXFileReference; fileEncoding = 4; lastKnownFileType = sourcecode.c.h; path = IPDCUser.h; sourceTree = "<group>"; };
		373926A010BA43E8007BC065 /* IPDCUser.m */ = {isa = PBXFileReference; fileEncoding = 4; lastKnownFileType = sourcecode.c.objc; path = IPDCUser.m; sourceTree = "<group>"; };
		373B41E410D4AC1B00FB764B /* Icon.png */ = {isa = PBXFileReference; lastKnownFileType = image.png; path = Icon.png; sourceTree = "<group>"; };
		3742242C10D48D23002AD724 /* FlakTableCell.xib */ = {isa = PBXFileReference; lastKnownFileType = file.xib; path = FlakTableCell.xib; sourceTree = "<group>"; };
		3755AF6910B6544700D37666 /* CDataScanner.h */ = {isa = PBXFileReference; fileEncoding = 4; lastKnownFileType = sourcecode.c.h; path = CDataScanner.h; sourceTree = "<group>"; };
		3755AF6A10B6544700D37666 /* CDataScanner.m */ = {isa = PBXFileReference; fileEncoding = 4; lastKnownFileType = sourcecode.c.objc; path = CDataScanner.m; sourceTree = "<group>"; };
		3755AF6C10B6544700D37666 /* CDataScanner_Extensions.h */ = {isa = PBXFileReference; fileEncoding = 4; lastKnownFileType = sourcecode.c.h; path = CDataScanner_Extensions.h; sourceTree = "<group>"; };
		3755AF6D10B6544700D37666 /* CDataScanner_Extensions.m */ = {isa = PBXFileReference; fileEncoding = 4; lastKnownFileType = sourcecode.c.objc; path = CDataScanner_Extensions.m; sourceTree = "<group>"; };
		3755AF6E10B6544700D37666 /* NSCharacterSet_Extensions.h */ = {isa = PBXFileReference; fileEncoding = 4; lastKnownFileType = sourcecode.c.h; path = NSCharacterSet_Extensions.h; sourceTree = "<group>"; };
		3755AF6F10B6544700D37666 /* NSCharacterSet_Extensions.m */ = {isa = PBXFileReference; fileEncoding = 4; lastKnownFileType = sourcecode.c.objc; path = NSCharacterSet_Extensions.m; sourceTree = "<group>"; };
		3755AF7010B6544700D37666 /* NSDictionary_JSONExtensions.h */ = {isa = PBXFileReference; fileEncoding = 4; lastKnownFileType = sourcecode.c.h; path = NSDictionary_JSONExtensions.h; sourceTree = "<group>"; };
		3755AF7110B6544700D37666 /* NSDictionary_JSONExtensions.m */ = {isa = PBXFileReference; fileEncoding = 4; lastKnownFileType = sourcecode.c.objc; path = NSDictionary_JSONExtensions.m; sourceTree = "<group>"; };
		3755AF7210B6544700D37666 /* NSScanner_Extensions.h */ = {isa = PBXFileReference; fileEncoding = 4; lastKnownFileType = sourcecode.c.h; path = NSScanner_Extensions.h; sourceTree = "<group>"; };
		3755AF7310B6544700D37666 /* NSScanner_Extensions.m */ = {isa = PBXFileReference; fileEncoding = 4; lastKnownFileType = sourcecode.c.objc; path = NSScanner_Extensions.m; sourceTree = "<group>"; };
		3755AF7510B6544700D37666 /* CJSONDeserializer.h */ = {isa = PBXFileReference; fileEncoding = 4; lastKnownFileType = sourcecode.c.h; path = CJSONDeserializer.h; sourceTree = "<group>"; };
		3755AF7610B6544700D37666 /* CJSONDeserializer.m */ = {isa = PBXFileReference; fileEncoding = 4; lastKnownFileType = sourcecode.c.objc; path = CJSONDeserializer.m; sourceTree = "<group>"; };
		3755AF7710B6544700D37666 /* CJSONScanner.h */ = {isa = PBXFileReference; fileEncoding = 4; lastKnownFileType = sourcecode.c.h; path = CJSONScanner.h; sourceTree = "<group>"; };
		3755AF7810B6544700D37666 /* CJSONScanner.m */ = {isa = PBXFileReference; fileEncoding = 4; lastKnownFileType = sourcecode.c.objc; path = CJSONScanner.m; sourceTree = "<group>"; };
		3755AF7910B6544700D37666 /* CJSONSerializer.h */ = {isa = PBXFileReference; fileEncoding = 4; lastKnownFileType = sourcecode.c.h; path = CJSONSerializer.h; sourceTree = "<group>"; };
		3755AF7A10B6544700D37666 /* CJSONSerializer.m */ = {isa = PBXFileReference; fileEncoding = 4; lastKnownFileType = sourcecode.c.objc; path = CJSONSerializer.m; sourceTree = "<group>"; };
		3755AF8B10B6566200D37666 /* NSString+SBJSON.m */ = {isa = PBXFileReference; fileEncoding = 4; lastKnownFileType = sourcecode.c.objc; path = "NSString+SBJSON.m"; sourceTree = "<group>"; };
		3755AF8C10B6566200D37666 /* NSObject+SBJSON.m */ = {isa = PBXFileReference; fileEncoding = 4; lastKnownFileType = sourcecode.c.objc; path = "NSObject+SBJSON.m"; sourceTree = "<group>"; };
		3755AF8D10B6566200D37666 /* SBJsonWriter.m */ = {isa = PBXFileReference; fileEncoding = 4; lastKnownFileType = sourcecode.c.objc; path = SBJsonWriter.m; sourceTree = "<group>"; };
		3755AF8E10B6566200D37666 /* SBJsonWriter.h */ = {isa = PBXFileReference; fileEncoding = 4; lastKnownFileType = sourcecode.c.h; path = SBJsonWriter.h; sourceTree = "<group>"; };
		3755AF8F10B6566200D37666 /* SBJsonParser.m */ = {isa = PBXFileReference; fileEncoding = 4; lastKnownFileType = sourcecode.c.objc; path = SBJsonParser.m; sourceTree = "<group>"; };
		3755AF9010B6566200D37666 /* SBJsonParser.h */ = {isa = PBXFileReference; fileEncoding = 4; lastKnownFileType = sourcecode.c.h; path = SBJsonParser.h; sourceTree = "<group>"; };
		3755AF9110B6566200D37666 /* SBJsonBase.m */ = {isa = PBXFileReference; fileEncoding = 4; lastKnownFileType = sourcecode.c.objc; path = SBJsonBase.m; sourceTree = "<group>"; };
		3755AF9210B6566200D37666 /* SBJsonBase.h */ = {isa = PBXFileReference; fileEncoding = 4; lastKnownFileType = sourcecode.c.h; path = SBJsonBase.h; sourceTree = "<group>"; };
		3755AF9310B6566200D37666 /* SBJSON.m */ = {isa = PBXFileReference; fileEncoding = 4; lastKnownFileType = sourcecode.c.objc; path = SBJSON.m; sourceTree = "<group>"; };
		3755AF9410B6566200D37666 /* SBJSON.h */ = {isa = PBXFileReference; fileEncoding = 4; lastKnownFileType = sourcecode.c.h; path = SBJSON.h; sourceTree = "<group>"; };
		3755AF9510B6566200D37666 /* NSString+SBJSON.h */ = {isa = PBXFileReference; fileEncoding = 4; lastKnownFileType = sourcecode.c.h; path = "NSString+SBJSON.h"; sourceTree = "<group>"; };
		3755AF9610B6566200D37666 /* NSObject+SBJSON.h */ = {isa = PBXFileReference; fileEncoding = 4; lastKnownFileType = sourcecode.c.h; path = "NSObject+SBJSON.h"; sourceTree = "<group>"; };
		3755AF9710B6566200D37666 /* JSON.h */ = {isa = PBXFileReference; fileEncoding = 4; lastKnownFileType = sourcecode.c.h; path = JSON.h; sourceTree = "<group>"; };
		3755AFA610B6571300D37666 /* IPDCMessage.h */ = {isa = PBXFileReference; fileEncoding = 4; lastKnownFileType = sourcecode.c.h; path = IPDCMessage.h; sourceTree = "<group>"; };
		3755AFA710B6571300D37666 /* IPDCMessage.m */ = {isa = PBXFileReference; fileEncoding = 4; lastKnownFileType = sourcecode.c.objc; path = IPDCMessage.m; sourceTree = "<group>"; };
		375C033B10B63D5300ED96DE /* FirstViewController.h */ = {isa = PBXFileReference; fileEncoding = 4; lastKnownFileType = sourcecode.c.h; path = FirstViewController.h; sourceTree = "<group>"; };
		375C033C10B63D5300ED96DE /* FirstViewController.m */ = {isa = PBXFileReference; fileEncoding = 4; lastKnownFileType = sourcecode.c.objc; path = FirstViewController.m; sourceTree = "<group>"; };
		37E5CD3D10C37771005D278F /* FlakManager.h */ = {isa = PBXFileReference; fileEncoding = 4; lastKnownFileType = sourcecode.c.h; path = FlakManager.h; sourceTree = "<group>"; };
		37E5CD3E10C37771005D278F /* FlakManager.m */ = {isa = PBXFileReference; fileEncoding = 4; lastKnownFileType = sourcecode.c.objc; path = FlakManager.m; sourceTree = "<group>"; };
		37E5CE0B10C387E9005D278F /* Event.h */ = {isa = PBXFileReference; fileEncoding = 4; lastKnownFileType = sourcecode.c.h; path = Event.h; sourceTree = "<group>"; };
		37E5CE0C10C387E9005D278F /* Event.m */ = {isa = PBXFileReference; fileEncoding = 4; lastKnownFileType = sourcecode.c.objc; path = Event.m; sourceTree = "<group>"; };
		37E5CE0D10C387E9005D278F /* User.h */ = {isa = PBXFileReference; fileEncoding = 4; lastKnownFileType = sourcecode.c.h; path = User.h; sourceTree = "<group>"; };
		37E5CE0E10C387E9005D278F /* User.m */ = {isa = PBXFileReference; fileEncoding = 4; lastKnownFileType = sourcecode.c.objc; path = User.m; sourceTree = "<group>"; };
		37E5CE0F10C387E9005D278F /* Message.h */ = {isa = PBXFileReference; fileEncoding = 4; lastKnownFileType = sourcecode.c.h; path = Message.h; sourceTree = "<group>"; };
		37E5CE1010C387E9005D278F /* Message.m */ = {isa = PBXFileReference; fileEncoding = 4; lastKnownFileType = sourcecode.c.objc; path = Message.m; sourceTree = "<group>"; };
		37E5CE8710C3990A005D278F /* MessageViewController.h */ = {isa = PBXFileReference; fileEncoding = 4; lastKnownFileType = sourcecode.c.h; path = MessageViewController.h; sourceTree = "<group>"; };
		37E5CE8810C3990A005D278F /* MessageViewController.m */ = {isa = PBXFileReference; fileEncoding = 4; lastKnownFileType = sourcecode.c.objc; path = MessageViewController.m; sourceTree = "<group>"; };
		37E5CE8910C3990A005D278F /* MessageViewController.xib */ = {isa = PBXFileReference; lastKnownFileType = file.xib; name = MessageViewController.xib; path = Classes/MessageViewController.xib; sourceTree = "<group>"; };
		8D1107310486CEB800E47090 /* blankCoreData-Info.plist */ = {isa = PBXFileReference; fileEncoding = 4; lastKnownFileType = text.plist.xml; path = "blankCoreData-Info.plist"; plistStructureDefinitionIdentifier = "com.apple.xcode.plist.structure-definition.iphone.info-plist"; sourceTree = "<group>"; };
		DC08AAA910CC56D60023EE9C /* UserPreferences.h */ = {isa = PBXFileReference; fileEncoding = 4; lastKnownFileType = sourcecode.c.h; path = UserPreferences.h; sourceTree = "<group>"; };
		DC08AAAA10CC56D60023EE9C /* UserPreferences.m */ = {isa = PBXFileReference; fileEncoding = 4; lastKnownFileType = sourcecode.c.objc; path = UserPreferences.m; sourceTree = "<group>"; };
		DC08AAB210CC5A3E0023EE9C /* 19-gear.png */ = {isa = PBXFileReference; lastKnownFileType = image.png; path = "19-gear.png"; sourceTree = "<group>"; };
		DC08AAB510CC5AAB0023EE9C /* 09-chat2.png */ = {isa = PBXFileReference; lastKnownFileType = image.png; path = "09-chat2.png"; sourceTree = "<group>"; };
		DC08AAB810CC5B2F0023EE9C /* 101-gameplan.png */ = {isa = PBXFileReference; lastKnownFileType = image.png; path = "101-gameplan.png"; sourceTree = "<group>"; };
		DC08AAC710CC5E1B0023EE9C /* UserPreferencesViewController.h */ = {isa = PBXFileReference; fileEncoding = 4; lastKnownFileType = sourcecode.c.h; path = UserPreferencesViewController.h; sourceTree = "<group>"; };
		DC08AAC810CC5E1B0023EE9C /* UserPreferencesViewController.m */ = {isa = PBXFileReference; fileEncoding = 4; lastKnownFileType = sourcecode.c.objc; path = UserPreferencesViewController.m; sourceTree = "<group>"; };
		DCF17CD710CC8C0100FDA3B1 /* FlakSettings.plist */ = {isa = PBXFileReference; fileEncoding = 4; lastKnownFileType = text.plist.xml; path = FlakSettings.plist; sourceTree = "<group>"; };
/* End PBXFileReference section */

/* Begin PBXFrameworksBuildPhase section */
		1D60588F0D05DD3D006BFB54 /* Frameworks */ = {
			isa = PBXFrameworksBuildPhase;
			buildActionMask = 2147483647;
			files = (
				1D60589F0D05DD5A006BFB54 /* Foundation.framework in Frameworks */,
				1DF5F4E00D08C38300B7A737 /* UIKit.framework in Frameworks */,
				2892E4100DC94CBA00A64D0F /* CoreGraphics.framework in Frameworks */,
				28860BE50F44EE6400985440 /* CoreData.framework in Frameworks */,
			);
			runOnlyForDeploymentPostprocessing = 0;
		};
/* End PBXFrameworksBuildPhase section */

/* Begin PBXGroup section */
		080E96DDFE201D6D7F000001 /* Classes */ = {
			isa = PBXGroup;
			children = (
				37E5CE0B10C387E9005D278F /* Event.h */,
				37E5CE0C10C387E9005D278F /* Event.m */,
				37E5CE0D10C387E9005D278F /* User.h */,
				37E5CE0E10C387E9005D278F /* User.m */,
				37E5CE0F10C387E9005D278F /* Message.h */,
				37E5CE1010C387E9005D278F /* Message.m */,
				3755AF8A10B6561300D37666 /* SBJSON */,
				3755AF6810B6544700D37666 /* touchJSON */,
				375C033B10B63D5300ED96DE /* FirstViewController.h */,
				375C033C10B63D5300ED96DE /* FirstViewController.m */,
				3755AFA610B6571300D37666 /* IPDCMessage.h */,
				3755AFA710B6571300D37666 /* IPDCMessage.m */,
				3739269F10BA43E8007BC065 /* IPDCUser.h */,
				373926A010BA43E8007BC065 /* IPDCUser.m */,
				28C286DF0D94DF7D0034E888 /* RootViewController.h */,
				28C286E00D94DF7D0034E888 /* RootViewController.m */,
				1D3623240D0F684500981E51 /* blankCoreDataAppDelegate.h */,
				1D3623250D0F684500981E51 /* blankCoreDataAppDelegate.m */,
				37E5CD3D10C37771005D278F /* FlakManager.h */,
				37E5CD3E10C37771005D278F /* FlakManager.m */,
				37E5CE8710C3990A005D278F /* MessageViewController.h */,
				37E5CE8810C3990A005D278F /* MessageViewController.m */,
				DC08AAA910CC56D60023EE9C /* UserPreferences.h */,
				DC08AAAA10CC56D60023EE9C /* UserPreferences.m */,
				DC08AAC710CC5E1B0023EE9C /* UserPreferencesViewController.h */,
				DC08AAC810CC5E1B0023EE9C /* UserPreferencesViewController.m */,
			);
			path = Classes;
			sourceTree = "<group>";
		};
		19C28FACFE9D520D11CA2CBB /* Products */ = {
			isa = PBXGroup;
			children = (
				1D6058910D05DD3D006BFB54 /* blankCoreData.app */,
			);
			name = Products;
			sourceTree = "<group>";
		};
		29B97314FDCFA39411CA2CEA /* CustomTemplate */ = {
			isa = PBXGroup;
			children = (
				080E96DDFE201D6D7F000001 /* Classes */,
				29B97315FDCFA39411CA2CEA /* Other Sources */,
				29B97317FDCFA39411CA2CEA /* Resources */,
				29B97323FDCFA39411CA2CEA /* Frameworks */,
				19C28FACFE9D520D11CA2CBB /* Products */,
			);
			name = CustomTemplate;
			sourceTree = "<group>";
		};
		29B97315FDCFA39411CA2CEA /* Other Sources */ = {
			isa = PBXGroup;
			children = (
				28A0AAE50D9B0CCF005BE974 /* blankCoreData_Prefix.pch */,
				29B97316FDCFA39411CA2CEA /* main.m */,
			);
			name = "Other Sources";
			sourceTree = "<group>";
		};
		29B97317FDCFA39411CA2CEA /* Resources */ = {
			isa = PBXGroup;
			children = (
				373B41E410D4AC1B00FB764B /* Icon.png */,
				DCF17CD710CC8C0100FDA3B1 /* FlakSettings.plist */,
				DC08AAB810CC5B2F0023EE9C /* 101-gameplan.png */,
				DC08AAB510CC5AAB0023EE9C /* 09-chat2.png */,
				DC08AAB210CC5A3E0023EE9C /* 19-gear.png */,
				37E5CE8910C3990A005D278F /* MessageViewController.xib */,
				28860B760F44E54D00985440 /* blankCoreData.xcdatamodel */,
				2899E55F0DE3E45000AC0155 /* RootViewController.xib */,
				28AD735F0D9D9599002E5188 /* MainWindow.xib */,
				8D1107310486CEB800E47090 /* blankCoreData-Info.plist */,
				3742242C10D48D23002AD724 /* FlakTableCell.xib */,
			);
			name = Resources;
			sourceTree = "<group>";
		};
		29B97323FDCFA39411CA2CEA /* Frameworks */ = {
			isa = PBXGroup;
			children = (
				1DF5F4DF0D08C38300B7A737 /* UIKit.framework */,
				1D30AB110D05D00D00671497 /* Foundation.framework */,
				2892E40F0DC94CBA00A64D0F /* CoreGraphics.framework */,
				28860BE40F44EE6400985440 /* CoreData.framework */,
			);
			name = Frameworks;
			sourceTree = "<group>";
		};
		3755AF6810B6544700D37666 /* touchJSON */ = {
			isa = PBXGroup;
			children = (
				3755AF6910B6544700D37666 /* CDataScanner.h */,
				3755AF6A10B6544700D37666 /* CDataScanner.m */,
				3755AF6B10B6544700D37666 /* Extensions */,
				3755AF7410B6544700D37666 /* JSON */,
			);
			name = touchJSON;
			sourceTree = "<group>";
		};
		3755AF6B10B6544700D37666 /* Extensions */ = {
			isa = PBXGroup;
			children = (
				3755AF6C10B6544700D37666 /* CDataScanner_Extensions.h */,
				3755AF6D10B6544700D37666 /* CDataScanner_Extensions.m */,
				3755AF6E10B6544700D37666 /* NSCharacterSet_Extensions.h */,
				3755AF6F10B6544700D37666 /* NSCharacterSet_Extensions.m */,
				3755AF7010B6544700D37666 /* NSDictionary_JSONExtensions.h */,
				3755AF7110B6544700D37666 /* NSDictionary_JSONExtensions.m */,
				3755AF7210B6544700D37666 /* NSScanner_Extensions.h */,
				3755AF7310B6544700D37666 /* NSScanner_Extensions.m */,
			);
			path = Extensions;
			sourceTree = "<group>";
		};
		3755AF7410B6544700D37666 /* JSON */ = {
			isa = PBXGroup;
			children = (
				3755AF7510B6544700D37666 /* CJSONDeserializer.h */,
				3755AF7610B6544700D37666 /* CJSONDeserializer.m */,
				3755AF7710B6544700D37666 /* CJSONScanner.h */,
				3755AF7810B6544700D37666 /* CJSONScanner.m */,
				3755AF7910B6544700D37666 /* CJSONSerializer.h */,
				3755AF7A10B6544700D37666 /* CJSONSerializer.m */,
			);
			path = JSON;
			sourceTree = "<group>";
		};
		3755AF8A10B6561300D37666 /* SBJSON */ = {
			isa = PBXGroup;
			children = (
				3755AF8B10B6566200D37666 /* NSString+SBJSON.m */,
				3755AF8C10B6566200D37666 /* NSObject+SBJSON.m */,
				3755AF8D10B6566200D37666 /* SBJsonWriter.m */,
				3755AF8E10B6566200D37666 /* SBJsonWriter.h */,
				3755AF8F10B6566200D37666 /* SBJsonParser.m */,
				3755AF9010B6566200D37666 /* SBJsonParser.h */,
				3755AF9110B6566200D37666 /* SBJsonBase.m */,
				3755AF9210B6566200D37666 /* SBJsonBase.h */,
				3755AF9310B6566200D37666 /* SBJSON.m */,
				3755AF9410B6566200D37666 /* SBJSON.h */,
				3755AF9510B6566200D37666 /* NSString+SBJSON.h */,
				3755AF9610B6566200D37666 /* NSObject+SBJSON.h */,
				3755AF9710B6566200D37666 /* JSON.h */,
			);
			name = SBJSON;
			sourceTree = "<group>";
		};
/* End PBXGroup section */

/* Begin PBXNativeTarget section */
		1D6058900D05DD3D006BFB54 /* blankCoreData */ = {
			isa = PBXNativeTarget;
			buildConfigurationList = 1D6058960D05DD3E006BFB54 /* Build configuration list for PBXNativeTarget "blankCoreData" */;
			buildPhases = (
				1D60588D0D05DD3D006BFB54 /* Resources */,
				1D60588E0D05DD3D006BFB54 /* Sources */,
				1D60588F0D05DD3D006BFB54 /* Frameworks */,
			);
			buildRules = (
			);
			dependencies = (
			);
			name = blankCoreData;
			productName = blankCoreData;
			productReference = 1D6058910D05DD3D006BFB54 /* blankCoreData.app */;
			productType = "com.apple.product-type.application";
		};
/* End PBXNativeTarget section */

/* Begin PBXProject section */
		29B97313FDCFA39411CA2CEA /* Project object */ = {
			isa = PBXProject;
			buildConfigurationList = C01FCF4E08A954540054247B /* Build configuration list for PBXProject "blankCoreData" */;
			compatibilityVersion = "Xcode 3.1";
			hasScannedForEncodings = 1;
			knownRegions = (
				English,
				Japanese,
				French,
				German,
				en,
			);
			mainGroup = 29B97314FDCFA39411CA2CEA /* CustomTemplate */;
			projectDirPath = "";
			projectRoot = "";
			targets = (
				1D6058900D05DD3D006BFB54 /* blankCoreData */,
			);
		};
/* End PBXProject section */

/* Begin PBXResourcesBuildPhase section */
		1D60588D0D05DD3D006BFB54 /* Resources */ = {
			isa = PBXResourcesBuildPhase;
			buildActionMask = 2147483647;
			files = (
				28AD73600D9D9599002E5188 /* MainWindow.xib in Resources */,
				2899E5600DE3E45000AC0155 /* RootViewController.xib in Resources */,
				37E5CE8B10C3990A005D278F /* MessageViewController.xib in Resources */,
				DC08AAB310CC5A3E0023EE9C /* 19-gear.png in Resources */,
				DC08AAB610CC5AAB0023EE9C /* 09-chat2.png in Resources */,
				DC08AAB910CC5B2F0023EE9C /* 101-gameplan.png in Resources */,
				DCF17CD810CC8C0100FDA3B1 /* FlakSettings.plist in Resources */,
				3742242D10D48D23002AD724 /* FlakTableCell.xib in Resources */,
				373B41E510D4AC1B00FB764B /* Icon.png in Resources */,
			);
			runOnlyForDeploymentPostprocessing = 0;
		};
/* End PBXResourcesBuildPhase section */

/* Begin PBXSourcesBuildPhase section */
		1D60588E0D05DD3D006BFB54 /* Sources */ = {
			isa = PBXSourcesBuildPhase;
			buildActionMask = 2147483647;
			files = (
				1D60589B0D05DD56006BFB54 /* main.m in Sources */,
				1D3623260D0F684500981E51 /* blankCoreDataAppDelegate.m in Sources */,
				28C286E10D94DF7D0034E888 /* RootViewController.m in Sources */,
				28860B770F44E54D00985440 /* blankCoreData.xcdatamodel in Sources */,
				375C033D10B63D5300ED96DE /* FirstViewController.m in Sources */,
				3755AF7B10B6544700D37666 /* CDataScanner.m in Sources */,
				3755AF7C10B6544700D37666 /* CDataScanner_Extensions.m in Sources */,
				3755AF7D10B6544700D37666 /* NSCharacterSet_Extensions.m in Sources */,
				3755AF7E10B6544700D37666 /* NSDictionary_JSONExtensions.m in Sources */,
				3755AF7F10B6544700D37666 /* NSScanner_Extensions.m in Sources */,
				3755AF8010B6544700D37666 /* CJSONDeserializer.m in Sources */,
				3755AF8110B6544700D37666 /* CJSONScanner.m in Sources */,
				3755AF8210B6544700D37666 /* CJSONSerializer.m in Sources */,
				3755AF9810B6566200D37666 /* NSString+SBJSON.m in Sources */,
				3755AF9910B6566200D37666 /* NSObject+SBJSON.m in Sources */,
				3755AF9A10B6566200D37666 /* SBJsonWriter.m in Sources */,
				3755AF9B10B6566200D37666 /* SBJsonParser.m in Sources */,
				3755AF9C10B6566200D37666 /* SBJsonBase.m in Sources */,
				3755AF9D10B6566200D37666 /* SBJSON.m in Sources */,
				3755AFA810B6571300D37666 /* IPDCMessage.m in Sources */,
				373926A110BA43E8007BC065 /* IPDCUser.m in Sources */,
				37E5CD3F10C37771005D278F /* FlakManager.m in Sources */,
				37E5CE1110C387E9005D278F /* Event.m in Sources */,
				37E5CE1210C387E9005D278F /* User.m in Sources */,
				37E5CE1310C387E9005D278F /* Message.m in Sources */,
				37E5CE8A10C3990A005D278F /* MessageViewController.m in Sources */,
				DC08AAAB10CC56D60023EE9C /* UserPreferences.m in Sources */,
				DC08AAC910CC5E1B0023EE9C /* UserPreferencesViewController.m in Sources */,
			);
			runOnlyForDeploymentPostprocessing = 0;
		};
/* End PBXSourcesBuildPhase section */

/* Begin XCBuildConfiguration section */
		1D6058940D05DD3E006BFB54 /* Debug */ = {
			isa = XCBuildConfiguration;
			buildSettings = {
				ALWAYS_SEARCH_USER_PATHS = NO;
				COPY_PHASE_STRIP = NO;
				GCC_DYNAMIC_NO_PIC = NO;
				GCC_OPTIMIZATION_LEVEL = 0;
				GCC_PRECOMPILE_PREFIX_HEADER = YES;
				GCC_PREFIX_HEADER = blankCoreData_Prefix.pch;
				INFOPLIST_FILE = "blankCoreData-Info.plist";
				PRODUCT_NAME = blankCoreData;
			};
			name = Debug;
		};
		1D6058950D05DD3E006BFB54 /* Release */ = {
			isa = XCBuildConfiguration;
			buildSettings = {
				ALWAYS_SEARCH_USER_PATHS = NO;
				COPY_PHASE_STRIP = YES;
				GCC_PRECOMPILE_PREFIX_HEADER = YES;
				GCC_PREFIX_HEADER = blankCoreData_Prefix.pch;
				INFOPLIST_FILE = "blankCoreData-Info.plist";
				PRODUCT_NAME = blankCoreData;
			};
			name = Release;
		};
		C01FCF4F08A954540054247B /* Debug */ = {
			isa = XCBuildConfiguration;
			buildSettings = {
				ARCHS = "$(ARCHS_STANDARD_32_BIT)";
				"CODE_SIGN_IDENTITY[sdk=iphoneos*]" = "iPhone Developer";
				GCC_C_LANGUAGE_STANDARD = c99;
				GCC_WARN_ABOUT_RETURN_TYPE = YES;
				GCC_WARN_UNUSED_VARIABLE = YES;
				PREBINDING = NO;
				SDKROOT = iphoneos3.1.2;
			};
			name = Debug;
		};
		C01FCF5008A954540054247B /* Release */ = {
			isa = XCBuildConfiguration;
			buildSettings = {
				ARCHS = "$(ARCHS_STANDARD_32_BIT)";
				"CODE_SIGN_IDENTITY[sdk=iphoneos*]" = "iPhone Developer";
				GCC_C_LANGUAGE_STANDARD = c99;
				GCC_WARN_ABOUT_RETURN_TYPE = YES;
				GCC_WARN_UNUSED_VARIABLE = YES;
				PREBINDING = NO;
				SDKROOT = iphoneos3.1.2;
			};
			name = Release;
		};
/* End XCBuildConfiguration section */

/* Begin XCConfigurationList section */
		1D6058960D05DD3E006BFB54 /* Build configuration list for PBXNativeTarget "blankCoreData" */ = {
			isa = XCConfigurationList;
			buildConfigurations = (
				1D6058940D05DD3E006BFB54 /* Debug */,
				1D6058950D05DD3E006BFB54 /* Release */,
			);
			defaultConfigurationIsVisible = 0;
			defaultConfigurationName = Release;
		};
		C01FCF4E08A954540054247B /* Build configuration list for PBXProject "blankCoreData" */ = {
			isa = XCConfigurationList;
			buildConfigurations = (
				C01FCF4F08A954540054247B /* Debug */,
				C01FCF5008A954540054247B /* Release */,
			);
			defaultConfigurationIsVisible = 0;
			defaultConfigurationName = Release;
		};
/* End XCConfigurationList section */
	};
	rootObject = 29B97313FDCFA39411CA2CEA /* Project object */;
}
